// !$*UTF8*$!
{
	archiveVersion = 1;
	classes = {
	};
	objectVersion = 50;
	objects = {

/* Begin PBXBuildFile section */
		31DC424606FB2E3397297241 /* Pods_StarWarsTrivia.framework in Frameworks */ = {isa = PBXBuildFile; fileRef = 28A727E50295F466C4B32EBA /* Pods_StarWarsTrivia.framework */; };
		429BE30F216DE1D900CD9F40 /* HomeworldVC.swift in Sources */ = {isa = PBXBuildFile; fileRef = 429BE30E216DE1D900CD9F40 /* HomeworldVC.swift */; };
		429BE311216DE1ED00CD9F40 /* VehiclesVC.swift in Sources */ = {isa = PBXBuildFile; fileRef = 429BE310216DE1ED00CD9F40 /* VehiclesVC.swift */; };
		429BE313216DE20400CD9F40 /* StarshipsVC.swift in Sources */ = {isa = PBXBuildFile; fileRef = 429BE312216DE20400CD9F40 /* StarshipsVC.swift */; };
		429BE315216DE21500CD9F40 /* FilmsVC.swift in Sources */ = {isa = PBXBuildFile; fileRef = 429BE314216DE21500CD9F40 /* FilmsVC.swift */; };
		429BE31721700FB000CD9F40 /* Homeworld.swift in Sources */ = {isa = PBXBuildFile; fileRef = 429BE31621700FB000CD9F40 /* Homeworld.swift */; };
		429BE3192170100500CD9F40 /* HomeworldAPI.swift in Sources */ = {isa = PBXBuildFile; fileRef = 429BE3182170100500CD9F40 /* HomeworldAPI.swift */; };
		429BE31F2170260300CD9F40 /* Vehicle.swift in Sources */ = {isa = PBXBuildFile; fileRef = 429BE31E2170260300CD9F40 /* Vehicle.swift */; };
		429BE321217027DF00CD9F40 /* VehicleAPI.swift in Sources */ = {isa = PBXBuildFile; fileRef = 429BE320217027DF00CD9F40 /* VehicleAPI.swift */; };
		555AF5B9215BE8EC003B4D11 /* AppDelegate.swift in Sources */ = {isa = PBXBuildFile; fileRef = 555AF5B8215BE8EC003B4D11 /* AppDelegate.swift */; };
		555AF5BB215BE8EC003B4D11 /* SelectPersonVC.swift in Sources */ = {isa = PBXBuildFile; fileRef = 555AF5BA215BE8EC003B4D11 /* SelectPersonVC.swift */; };
		555AF5BE215BE8EC003B4D11 /* Main.storyboard in Resources */ = {isa = PBXBuildFile; fileRef = 555AF5BC215BE8EC003B4D11 /* Main.storyboard */; };
		555AF5C0215BE8F0003B4D11 /* Assets.xcassets in Resources */ = {isa = PBXBuildFile; fileRef = 555AF5BF215BE8F0003B4D11 /* Assets.xcassets */; };
		555AF5C3215BE8F0003B4D11 /* LaunchScreen.storyboard in Resources */ = {isa = PBXBuildFile; fileRef = 555AF5C1215BE8F0003B4D11 /* LaunchScreen.storyboard */; };
		555AF5D2215BE951003B4D11 /* Starjhol.ttf in Resources */ = {isa = PBXBuildFile; fileRef = 555AF5CF215BE951003B4D11 /* Starjhol.ttf */; };
		555AF5D3215BE951003B4D11 /* Starjout.ttf in Resources */ = {isa = PBXBuildFile; fileRef = 555AF5D0215BE951003B4D11 /* Starjout.ttf */; };
		555AF5D4215BE951003B4D11 /* Starjedi.ttf in Resources */ = {isa = PBXBuildFile; fileRef = 555AF5D1215BE951003B4D11 /* Starjedi.ttf */; };
		555AF5D6215BF01E003B4D11 /* BlackBgView.swift in Sources */ = {isa = PBXBuildFile; fileRef = 555AF5D5215BF01E003B4D11 /* BlackBgView.swift */; };
		555AF5D9215BF096003B4D11 /* Constants.swift in Sources */ = {isa = PBXBuildFile; fileRef = 555AF5D8215BF096003B4D11 /* Constants.swift */; };
		555AF5DE215EA319003B4D11 /* PersonAPI.swift in Sources */ = {isa = PBXBuildFile; fileRef = 555AF5DD215EA319003B4D11 /* PersonAPI.swift */; };
		5576A2DB216C0DD8009DF3AE /* FadeEnabledButton.swift in Sources */ = {isa = PBXBuildFile; fileRef = 5576A2DA216C0DD7009DF3AE /* FadeEnabledButton.swift */; };
		55F84CBA215EAA140019589A /* Person.swift in Sources */ = {isa = PBXBuildFile; fileRef = 55F84CB9215EAA140019589A /* Person.swift */; };
/* End PBXBuildFile section */

/* Begin PBXFileReference section */
		28A727E50295F466C4B32EBA /* Pods_StarWarsTrivia.framework */ = {isa = PBXFileReference; explicitFileType = wrapper.framework; includeInIndex = 0; path = Pods_StarWarsTrivia.framework; sourceTree = BUILT_PRODUCTS_DIR; };
		429BE30E216DE1D900CD9F40 /* HomeworldVC.swift */ = {isa = PBXFileReference; lastKnownFileType = sourcecode.swift; path = HomeworldVC.swift; sourceTree = "<group>"; };
		429BE310216DE1ED00CD9F40 /* VehiclesVC.swift */ = {isa = PBXFileReference; lastKnownFileType = sourcecode.swift; path = VehiclesVC.swift; sourceTree = "<group>"; };
		429BE312216DE20400CD9F40 /* StarshipsVC.swift */ = {isa = PBXFileReference; lastKnownFileType = sourcecode.swift; path = StarshipsVC.swift; sourceTree = "<group>"; };
		429BE314216DE21500CD9F40 /* FilmsVC.swift */ = {isa = PBXFileReference; lastKnownFileType = sourcecode.swift; path = FilmsVC.swift; sourceTree = "<group>"; };
		429BE31621700FB000CD9F40 /* Homeworld.swift */ = {isa = PBXFileReference; lastKnownFileType = sourcecode.swift; path = Homeworld.swift; sourceTree = "<group>"; };
		429BE3182170100500CD9F40 /* HomeworldAPI.swift */ = {isa = PBXFileReference; lastKnownFileType = sourcecode.swift; path = HomeworldAPI.swift; sourceTree = "<group>"; };
		429BE31E2170260300CD9F40 /* Vehicle.swift */ = {isa = PBXFileReference; lastKnownFileType = sourcecode.swift; path = Vehicle.swift; sourceTree = "<group>"; };
		429BE320217027DF00CD9F40 /* VehicleAPI.swift */ = {isa = PBXFileReference; lastKnownFileType = sourcecode.swift; path = VehicleAPI.swift; sourceTree = "<group>"; };
		555AF5B5215BE8EC003B4D11 /* StarWarsTrivia.app */ = {isa = PBXFileReference; explicitFileType = wrapper.application; includeInIndex = 0; path = StarWarsTrivia.app; sourceTree = BUILT_PRODUCTS_DIR; };
		555AF5B8215BE8EC003B4D11 /* AppDelegate.swift */ = {isa = PBXFileReference; lastKnownFileType = sourcecode.swift; path = AppDelegate.swift; sourceTree = "<group>"; };
		555AF5BA215BE8EC003B4D11 /* SelectPersonVC.swift */ = {isa = PBXFileReference; lastKnownFileType = sourcecode.swift; path = SelectPersonVC.swift; sourceTree = "<group>"; };
		555AF5BD215BE8EC003B4D11 /* Base */ = {isa = PBXFileReference; lastKnownFileType = file.storyboard; name = Base; path = Base.lproj/Main.storyboard; sourceTree = "<group>"; };
		555AF5BF215BE8F0003B4D11 /* Assets.xcassets */ = {isa = PBXFileReference; lastKnownFileType = folder.assetcatalog; path = Assets.xcassets; sourceTree = "<group>"; };
		555AF5C2215BE8F0003B4D11 /* Base */ = {isa = PBXFileReference; lastKnownFileType = file.storyboard; name = Base; path = Base.lproj/LaunchScreen.storyboard; sourceTree = "<group>"; };
		555AF5C4215BE8F0003B4D11 /* Info.plist */ = {isa = PBXFileReference; lastKnownFileType = text.plist.xml; path = Info.plist; sourceTree = "<group>"; };
		555AF5CF215BE951003B4D11 /* Starjhol.ttf */ = {isa = PBXFileReference; lastKnownFileType = file; path = Starjhol.ttf; sourceTree = "<group>"; };
		555AF5D0215BE951003B4D11 /* Starjout.ttf */ = {isa = PBXFileReference; lastKnownFileType = file; path = Starjout.ttf; sourceTree = "<group>"; };
		555AF5D1215BE951003B4D11 /* Starjedi.ttf */ = {isa = PBXFileReference; lastKnownFileType = file; path = Starjedi.ttf; sourceTree = "<group>"; };
		555AF5D5215BF01E003B4D11 /* BlackBgView.swift */ = {isa = PBXFileReference; lastKnownFileType = sourcecode.swift; path = BlackBgView.swift; sourceTree = "<group>"; };
		555AF5D8215BF096003B4D11 /* Constants.swift */ = {isa = PBXFileReference; lastKnownFileType = sourcecode.swift; path = Constants.swift; sourceTree = "<group>"; };
		555AF5DD215EA319003B4D11 /* PersonAPI.swift */ = {isa = PBXFileReference; lastKnownFileType = sourcecode.swift; path = PersonAPI.swift; sourceTree = "<group>"; };
		5576A2DA216C0DD7009DF3AE /* FadeEnabledButton.swift */ = {isa = PBXFileReference; lastKnownFileType = sourcecode.swift; path = FadeEnabledButton.swift; sourceTree = "<group>"; };
		55F84CB9215EAA140019589A /* Person.swift */ = {isa = PBXFileReference; lastKnownFileType = sourcecode.swift; path = Person.swift; sourceTree = "<group>"; };
		8BE8A295C1C0D26E70C2B551 /* Pods-StarWarsTrivia.debug.xcconfig */ = {isa = PBXFileReference; includeInIndex = 1; lastKnownFileType = text.xcconfig; name = "Pods-StarWarsTrivia.debug.xcconfig"; path = "Pods/Target Support Files/Pods-StarWarsTrivia/Pods-StarWarsTrivia.debug.xcconfig"; sourceTree = "<group>"; };
		EB53423B30151CE8FEF948A0 /* Pods-StarWarsTrivia.release.xcconfig */ = {isa = PBXFileReference; includeInIndex = 1; lastKnownFileType = text.xcconfig; name = "Pods-StarWarsTrivia.release.xcconfig"; path = "Pods/Target Support Files/Pods-StarWarsTrivia/Pods-StarWarsTrivia.release.xcconfig"; sourceTree = "<group>"; };
/* End PBXFileReference section */

/* Begin PBXFrameworksBuildPhase section */
		555AF5B2215BE8EC003B4D11 /* Frameworks */ = {
			isa = PBXFrameworksBuildPhase;
			buildActionMask = 2147483647;
			files = (
				31DC424606FB2E3397297241 /* Pods_StarWarsTrivia.framework in Frameworks */,
			);
			runOnlyForDeploymentPostprocessing = 0;
		};
/* End PBXFrameworksBuildPhase section */

/* Begin PBXGroup section */
		555AF5AC215BE8EC003B4D11 = {
			isa = PBXGroup;
			children = (
				555AF5B7215BE8EC003B4D11 /* StarWarsTrivia */,
				555AF5B6215BE8EC003B4D11 /* Products */,
				B62DFBE3EDAFF3C49B08420E /* Pods */,
				6D754E272C229C04EB1689B1 /* Frameworks */,
			);
			sourceTree = "<group>";
		};
		555AF5B6215BE8EC003B4D11 /* Products */ = {
			isa = PBXGroup;
			children = (
				555AF5B5215BE8EC003B4D11 /* StarWarsTrivia.app */,
			);
			name = Products;
			sourceTree = "<group>";
		};
		555AF5B7215BE8EC003B4D11 /* StarWarsTrivia */ = {
			isa = PBXGroup;
			children = (
				555AF5CA215BE907003B4D11 /* Model */,
				555AF5CB215BE90F003B4D11 /* View */,
				555AF5CC215BE915003B4D11 /* Controller */,
				555AF5B8215BE8EC003B4D11 /* AppDelegate.swift */,
				555AF5DC215EA2FC003B4D11 /* Services */,
				555AF5D7215BF084003B4D11 /* Utils */,
				555AF5CD215BE93E003B4D11 /* Resources */,
				555AF5BC215BE8EC003B4D11 /* Main.storyboard */,
				555AF5BF215BE8F0003B4D11 /* Assets.xcassets */,
				555AF5C1215BE8F0003B4D11 /* LaunchScreen.storyboard */,
				555AF5C4215BE8F0003B4D11 /* Info.plist */,
			);
			path = StarWarsTrivia;
			sourceTree = "<group>";
		};
		555AF5CA215BE907003B4D11 /* Model */ = {
			isa = PBXGroup;
			children = (
				55F84CB9215EAA140019589A /* Person.swift */,
				429BE31621700FB000CD9F40 /* Homeworld.swift */,
				429BE31E2170260300CD9F40 /* Vehicle.swift */,
			);
			path = Model;
			sourceTree = "<group>";
		};
		555AF5CB215BE90F003B4D11 /* View */ = {
			isa = PBXGroup;
			children = (
				555AF5D5215BF01E003B4D11 /* BlackBgView.swift */,
				5576A2DA216C0DD7009DF3AE /* FadeEnabledButton.swift */,
			);
			path = View;
			sourceTree = "<group>";
		};
		555AF5CC215BE915003B4D11 /* Controller */ = {
			isa = PBXGroup;
			children = (
				555AF5BA215BE8EC003B4D11 /* SelectPersonVC.swift */,
				429BE30E216DE1D900CD9F40 /* HomeworldVC.swift */,
				429BE310216DE1ED00CD9F40 /* VehiclesVC.swift */,
				429BE312216DE20400CD9F40 /* StarshipsVC.swift */,
				429BE314216DE21500CD9F40 /* FilmsVC.swift */,
			);
			path = Controller;
			sourceTree = "<group>";
		};
		555AF5CD215BE93E003B4D11 /* Resources */ = {
			isa = PBXGroup;
			children = (
				555AF5CE215BE944003B4D11 /* Fonts */,
			);
			path = Resources;
			sourceTree = "<group>";
		};
		555AF5CE215BE944003B4D11 /* Fonts */ = {
			isa = PBXGroup;
			children = (
				555AF5D1215BE951003B4D11 /* Starjedi.ttf */,
				555AF5CF215BE951003B4D11 /* Starjhol.ttf */,
				555AF5D0215BE951003B4D11 /* Starjout.ttf */,
			);
			path = Fonts;
			sourceTree = "<group>";
		};
		555AF5D7215BF084003B4D11 /* Utils */ = {
			isa = PBXGroup;
			children = (
				555AF5D8215BF096003B4D11 /* Constants.swift */,
			);
			path = Utils;
			sourceTree = "<group>";
		};
		555AF5DC215EA2FC003B4D11 /* Services */ = {
			isa = PBXGroup;
			children = (
				555AF5DD215EA319003B4D11 /* PersonAPI.swift */,
				429BE3182170100500CD9F40 /* HomeworldAPI.swift */,
				429BE320217027DF00CD9F40 /* VehicleAPI.swift */,
			);
			path = Services;
			sourceTree = "<group>";
		};
		6D754E272C229C04EB1689B1 /* Frameworks */ = {
			isa = PBXGroup;
			children = (
				28A727E50295F466C4B32EBA /* Pods_StarWarsTrivia.framework */,
			);
			name = Frameworks;
			sourceTree = "<group>";
		};
		B62DFBE3EDAFF3C49B08420E /* Pods */ = {
			isa = PBXGroup;
			children = (
				8BE8A295C1C0D26E70C2B551 /* Pods-StarWarsTrivia.debug.xcconfig */,
				EB53423B30151CE8FEF948A0 /* Pods-StarWarsTrivia.release.xcconfig */,
			);
			name = Pods;
			sourceTree = "<group>";
		};
/* End PBXGroup section */

/* Begin PBXNativeTarget section */
		555AF5B4215BE8EC003B4D11 /* StarWarsTrivia */ = {
			isa = PBXNativeTarget;
			buildConfigurationList = 555AF5C7215BE8F0003B4D11 /* Build configuration list for PBXNativeTarget "StarWarsTrivia" */;
			buildPhases = (
				53957FEB674ADF24386E2349 /* [CP] Check Pods Manifest.lock */,
				555AF5B1215BE8EC003B4D11 /* Sources */,
				555AF5B2215BE8EC003B4D11 /* Frameworks */,
				555AF5B3215BE8EC003B4D11 /* Resources */,
				888E00DD037C5223509DF783 /* [CP] Embed Pods Frameworks */,
			);
			buildRules = (
			);
			dependencies = (
			);
			name = StarWarsTrivia;
			productName = StarWarsTrivia;
			productReference = 555AF5B5215BE8EC003B4D11 /* StarWarsTrivia.app */;
			productType = "com.apple.product-type.application";
		};
/* End PBXNativeTarget section */

/* Begin PBXProject section */
		555AF5AD215BE8EC003B4D11 /* Project object */ = {
			isa = PBXProject;
			attributes = {
				LastSwiftUpdateCheck = 1000;
				LastUpgradeCheck = 1000;
				ORGANIZATIONNAME = "Joshua Madrigal";
				TargetAttributes = {
					555AF5B4215BE8EC003B4D11 = {
						CreatedOnToolsVersion = 10.0;
					};
				};
			};
			buildConfigurationList = 555AF5B0215BE8EC003B4D11 /* Build configuration list for PBXProject "StarWarsTrivia" */;
			compatibilityVersion = "Xcode 9.3";
			developmentRegion = en;
			hasScannedForEncodings = 0;
			knownRegions = (
				en,
				Base,
			);
			mainGroup = 555AF5AC215BE8EC003B4D11;
			productRefGroup = 555AF5B6215BE8EC003B4D11 /* Products */;
			projectDirPath = "";
			projectRoot = "";
			targets = (
				555AF5B4215BE8EC003B4D11 /* StarWarsTrivia */,
			);
		};
/* End PBXProject section */

/* Begin PBXResourcesBuildPhase section */
		555AF5B3215BE8EC003B4D11 /* Resources */ = {
			isa = PBXResourcesBuildPhase;
			buildActionMask = 2147483647;
			files = (
				555AF5C3215BE8F0003B4D11 /* LaunchScreen.storyboard in Resources */,
				555AF5C0215BE8F0003B4D11 /* Assets.xcassets in Resources */,
				555AF5BE215BE8EC003B4D11 /* Main.storyboard in Resources */,
				555AF5D3215BE951003B4D11 /* Starjout.ttf in Resources */,
				555AF5D4215BE951003B4D11 /* Starjedi.ttf in Resources */,
				555AF5D2215BE951003B4D11 /* Starjhol.ttf in Resources */,
			);
			runOnlyForDeploymentPostprocessing = 0;
		};
/* End PBXResourcesBuildPhase section */

/* Begin PBXShellScriptBuildPhase section */
		53957FEB674ADF24386E2349 /* [CP] Check Pods Manifest.lock */ = {
			isa = PBXShellScriptBuildPhase;
			buildActionMask = 2147483647;
			files = (
			);
			inputPaths = (
				"${PODS_PODFILE_DIR_PATH}/Podfile.lock",
				"${PODS_ROOT}/Manifest.lock",
			);
			name = "[CP] Check Pods Manifest.lock";
			outputPaths = (
				"$(DERIVED_FILE_DIR)/Pods-StarWarsTrivia-checkManifestLockResult.txt",
			);
			runOnlyForDeploymentPostprocessing = 0;
			shellPath = /bin/sh;
			shellScript = "diff \"${PODS_PODFILE_DIR_PATH}/Podfile.lock\" \"${PODS_ROOT}/Manifest.lock\" > /dev/null\nif [ $? != 0 ] ; then\n    # print error to STDERR\n    echo \"error: The sandbox is not in sync with the Podfile.lock. Run 'pod install' or update your CocoaPods installation.\" >&2\n    exit 1\nfi\n# This output is used by Xcode 'outputs' to avoid re-running this script phase.\necho \"SUCCESS\" > \"${SCRIPT_OUTPUT_FILE_0}\"\n";
			showEnvVarsInLog = 0;
		};
		888E00DD037C5223509DF783 /* [CP] Embed Pods Frameworks */ = {
			isa = PBXShellScriptBuildPhase;
			buildActionMask = 2147483647;
			files = (
			);
			inputPaths = (
				"${SRCROOT}/Pods/Target Support Files/Pods-StarWarsTrivia/Pods-StarWarsTrivia-frameworks.sh",
				"${BUILT_PRODUCTS_DIR}/Alamofire/Alamofire.framework",
				"${BUILT_PRODUCTS_DIR}/SwiftyJSON/SwiftyJSON.framework",
			);
			name = "[CP] Embed Pods Frameworks";
			outputPaths = (
				"${TARGET_BUILD_DIR}/${FRAMEWORKS_FOLDER_PATH}/Alamofire.framework",
				"${TARGET_BUILD_DIR}/${FRAMEWORKS_FOLDER_PATH}/SwiftyJSON.framework",
			);
			runOnlyForDeploymentPostprocessing = 0;
			shellPath = /bin/sh;
			shellScript = "\"${SRCROOT}/Pods/Target Support Files/Pods-StarWarsTrivia/Pods-StarWarsTrivia-frameworks.sh\"\n";
			showEnvVarsInLog = 0;
		};
/* End PBXShellScriptBuildPhase section */

/* Begin PBXSourcesBuildPhase section */
		555AF5B1215BE8EC003B4D11 /* Sources */ = {
			isa = PBXSourcesBuildPhase;
			buildActionMask = 2147483647;
			files = (
				55F84CBA215EAA140019589A /* Person.swift in Sources */,
				429BE321217027DF00CD9F40 /* VehicleAPI.swift in Sources */,
				429BE3192170100500CD9F40 /* HomeworldAPI.swift in Sources */,
				5576A2DB216C0DD8009DF3AE /* FadeEnabledButton.swift in Sources */,
				429BE31F2170260300CD9F40 /* Vehicle.swift in Sources */,
				429BE313216DE20400CD9F40 /* StarshipsVC.swift in Sources */,
				429BE31721700FB000CD9F40 /* Homeworld.swift in Sources */,
				429BE311216DE1ED00CD9F40 /* VehiclesVC.swift in Sources */,
				555AF5BB215BE8EC003B4D11 /* SelectPersonVC.swift in Sources */,
				555AF5B9215BE8EC003B4D11 /* AppDelegate.swift in Sources */,
				555AF5D6215BF01E003B4D11 /* BlackBgView.swift in Sources */,
				555AF5DE215EA319003B4D11 /* PersonAPI.swift in Sources */,
				429BE315216DE21500CD9F40 /* FilmsVC.swift in Sources */,
				429BE30F216DE1D900CD9F40 /* HomeworldVC.swift in Sources */,
				555AF5D9215BF096003B4D11 /* Constants.swift in Sources */,
			);
			runOnlyForDeploymentPostprocessing = 0;
		};
/* End PBXSourcesBuildPhase section */

/* Begin PBXVariantGroup section */
		555AF5BC215BE8EC003B4D11 /* Main.storyboard */ = {
			isa = PBXVariantGroup;
			children = (
				555AF5BD215BE8EC003B4D11 /* Base */,
			);
			name = Main.storyboard;
			sourceTree = "<group>";
		};
		555AF5C1215BE8F0003B4D11 /* LaunchScreen.storyboard */ = {
			isa = PBXVariantGroup;
			children = (
				555AF5C2215BE8F0003B4D11 /* Base */,
			);
			name = LaunchScreen.storyboard;
			sourceTree = "<group>";
		};
/* End PBXVariantGroup section */

/* Begin XCBuildConfiguration section */
		555AF5C5215BE8F0003B4D11 /* Debug */ = {
			isa = XCBuildConfiguration;
			buildSettings = {
				ALWAYS_SEARCH_USER_PATHS = NO;
				CLANG_ANALYZER_NONNULL = YES;
				CLANG_ANALYZER_NUMBER_OBJECT_CONVERSION = YES_AGGRESSIVE;
				CLANG_CXX_LANGUAGE_STANDARD = "gnu++14";
				CLANG_CXX_LIBRARY = "libc++";
				CLANG_ENABLE_MODULES = YES;
				CLANG_ENABLE_OBJC_ARC = YES;
				CLANG_ENABLE_OBJC_WEAK = YES;
				CLANG_WARN_BLOCK_CAPTURE_AUTORELEASING = YES;
				CLANG_WARN_BOOL_CONVERSION = YES;
				CLANG_WARN_COMMA = YES;
				CLANG_WARN_CONSTANT_CONVERSION = YES;
				CLANG_WARN_DEPRECATED_OBJC_IMPLEMENTATIONS = YES;
				CLANG_WARN_DIRECT_OBJC_ISA_USAGE = YES_ERROR;
				CLANG_WARN_DOCUMENTATION_COMMENTS = YES;
				CLANG_WARN_EMPTY_BODY = YES;
				CLANG_WARN_ENUM_CONVERSION = YES;
				CLANG_WARN_INFINITE_RECURSION = YES;
				CLANG_WARN_INT_CONVERSION = YES;
				CLANG_WARN_NON_LITERAL_NULL_CONVERSION = YES;
				CLANG_WARN_OBJC_IMPLICIT_RETAIN_SELF = YES;
				CLANG_WARN_OBJC_LITERAL_CONVERSION = YES;
				CLANG_WARN_OBJC_ROOT_CLASS = YES_ERROR;
				CLANG_WARN_RANGE_LOOP_ANALYSIS = YES;
				CLANG_WARN_STRICT_PROTOTYPES = YES;
				CLANG_WARN_SUSPICIOUS_MOVE = YES;
				CLANG_WARN_UNGUARDED_AVAILABILITY = YES_AGGRESSIVE;
				CLANG_WARN_UNREACHABLE_CODE = YES;
				CLANG_WARN__DUPLICATE_METHOD_MATCH = YES;
				CODE_SIGN_IDENTITY = "iPhone Developer";
				COPY_PHASE_STRIP = NO;
				DEBUG_INFORMATION_FORMAT = dwarf;
				ENABLE_STRICT_OBJC_MSGSEND = YES;
				ENABLE_TESTABILITY = YES;
				GCC_C_LANGUAGE_STANDARD = gnu11;
				GCC_DYNAMIC_NO_PIC = NO;
				GCC_NO_COMMON_BLOCKS = YES;
				GCC_OPTIMIZATION_LEVEL = 0;
				GCC_PREPROCESSOR_DEFINITIONS = (
					"DEBUG=1",
					"$(inherited)",
				);
				GCC_WARN_64_TO_32_BIT_CONVERSION = YES;
				GCC_WARN_ABOUT_RETURN_TYPE = YES_ERROR;
				GCC_WARN_UNDECLARED_SELECTOR = YES;
				GCC_WARN_UNINITIALIZED_AUTOS = YES_AGGRESSIVE;
				GCC_WARN_UNUSED_FUNCTION = YES;
				GCC_WARN_UNUSED_VARIABLE = YES;
				IPHONEOS_DEPLOYMENT_TARGET = 12.0;
				MTL_ENABLE_DEBUG_INFO = INCLUDE_SOURCE;
				MTL_FAST_MATH = YES;
				ONLY_ACTIVE_ARCH = YES;
				SDKROOT = iphoneos;
				SWIFT_ACTIVE_COMPILATION_CONDITIONS = DEBUG;
				SWIFT_OPTIMIZATION_LEVEL = "-Onone";
			};
			name = Debug;
		};
		555AF5C6215BE8F0003B4D11 /* Release */ = {
			isa = XCBuildConfiguration;
			buildSettings = {
				ALWAYS_SEARCH_USER_PATHS = NO;
				CLANG_ANALYZER_NONNULL = YES;
				CLANG_ANALYZER_NUMBER_OBJECT_CONVERSION = YES_AGGRESSIVE;
				CLANG_CXX_LANGUAGE_STANDARD = "gnu++14";
				CLANG_CXX_LIBRARY = "libc++";
				CLANG_ENABLE_MODULES = YES;
				CLANG_ENABLE_OBJC_ARC = YES;
				CLANG_ENABLE_OBJC_WEAK = YES;
				CLANG_WARN_BLOCK_CAPTURE_AUTORELEASING = YES;
				CLANG_WARN_BOOL_CONVERSION = YES;
				CLANG_WARN_COMMA = YES;
				CLANG_WARN_CONSTANT_CONVERSION = YES;
				CLANG_WARN_DEPRECATED_OBJC_IMPLEMENTATIONS = YES;
				CLANG_WARN_DIRECT_OBJC_ISA_USAGE = YES_ERROR;
				CLANG_WARN_DOCUMENTATION_COMMENTS = YES;
				CLANG_WARN_EMPTY_BODY = YES;
				CLANG_WARN_ENUM_CONVERSION = YES;
				CLANG_WARN_INFINITE_RECURSION = YES;
				CLANG_WARN_INT_CONVERSION = YES;
				CLANG_WARN_NON_LITERAL_NULL_CONVERSION = YES;
				CLANG_WARN_OBJC_IMPLICIT_RETAIN_SELF = YES;
				CLANG_WARN_OBJC_LITERAL_CONVERSION = YES;
				CLANG_WARN_OBJC_ROOT_CLASS = YES_ERROR;
				CLANG_WARN_RANGE_LOOP_ANALYSIS = YES;
				CLANG_WARN_STRICT_PROTOTYPES = YES;
				CLANG_WARN_SUSPICIOUS_MOVE = YES;
				CLANG_WARN_UNGUARDED_AVAILABILITY = YES_AGGRESSIVE;
				CLANG_WARN_UNREACHABLE_CODE = YES;
				CLANG_WARN__DUPLICATE_METHOD_MATCH = YES;
				CODE_SIGN_IDENTITY = "iPhone Developer";
				COPY_PHASE_STRIP = NO;
				DEBUG_INFORMATION_FORMAT = "dwarf-with-dsym";
				ENABLE_NS_ASSERTIONS = NO;
				ENABLE_STRICT_OBJC_MSGSEND = YES;
				GCC_C_LANGUAGE_STANDARD = gnu11;
				GCC_NO_COMMON_BLOCKS = YES;
				GCC_WARN_64_TO_32_BIT_CONVERSION = YES;
				GCC_WARN_ABOUT_RETURN_TYPE = YES_ERROR;
				GCC_WARN_UNDECLARED_SELECTOR = YES;
				GCC_WARN_UNINITIALIZED_AUTOS = YES_AGGRESSIVE;
				GCC_WARN_UNUSED_FUNCTION = YES;
				GCC_WARN_UNUSED_VARIABLE = YES;
				IPHONEOS_DEPLOYMENT_TARGET = 12.0;
				MTL_ENABLE_DEBUG_INFO = NO;
				MTL_FAST_MATH = YES;
				SDKROOT = iphoneos;
				SWIFT_COMPILATION_MODE = wholemodule;
				SWIFT_OPTIMIZATION_LEVEL = "-O";
				VALIDATE_PRODUCT = YES;
			};
			name = Release;
		};
		555AF5C8215BE8F0003B4D11 /* Debug */ = {
			isa = XCBuildConfiguration;
			baseConfigurationReference = 8BE8A295C1C0D26E70C2B551 /* Pods-StarWarsTrivia.debug.xcconfig */;
			buildSettings = {
				ASSETCATALOG_COMPILER_APPICON_NAME = AppIcon;
				CODE_SIGN_STYLE = Automatic;
				DEVELOPMENT_TEAM = 84B657U6QB;
				INFOPLIST_FILE = StarWarsTrivia/Info.plist;
				LD_RUNPATH_SEARCH_PATHS = (
					"$(inherited)",
					"@executable_path/Frameworks",
				);
				PRODUCT_BUNDLE_IDENTIFIER = com.joshuam.StarWarsTrivia;
				PRODUCT_NAME = "$(TARGET_NAME)";
				SWIFT_VERSION = 4.2;
				TARGETED_DEVICE_FAMILY = "1,2";
			};
			name = Debug;
		};
		555AF5C9215BE8F0003B4D11 /* Release */ = {
			isa = XCBuildConfiguration;
			baseConfigurationReference = EB53423B30151CE8FEF948A0 /* Pods-StarWarsTrivia.release.xcconfig */;
			buildSettings = {
				ASSETCATALOG_COMPILER_APPICON_NAME = AppIcon;
				CODE_SIGN_STYLE = Automatic;
				DEVELOPMENT_TEAM = 84B657U6QB;
				INFOPLIST_FILE = StarWarsTrivia/Info.plist;
				LD_RUNPATH_SEARCH_PATHS = (
					"$(inherited)",
					"@executable_path/Frameworks",
				);
				PRODUCT_BUNDLE_IDENTIFIER = com.joshuam.StarWarsTrivia;
				PRODUCT_NAME = "$(TARGET_NAME)";
				SWIFT_VERSION = 4.2;
				TARGETED_DEVICE_FAMILY = "1,2";
			};
			name = Release;
		};
/* End XCBuildConfiguration section */

/* Begin XCConfigurationList section */
		555AF5B0215BE8EC003B4D11 /* Build configuration list for PBXProject "StarWarsTrivia" */ = {
			isa = XCConfigurationList;
			buildConfigurations = (
				555AF5C5215BE8F0003B4D11 /* Debug */,
				555AF5C6215BE8F0003B4D11 /* Release */,
			);
			defaultConfigurationIsVisible = 0;
			defaultConfigurationName = Release;
		};
		555AF5C7215BE8F0003B4D11 /* Build configuration list for PBXNativeTarget "StarWarsTrivia" */ = {
			isa = XCConfigurationList;
			buildConfigurations = (
				555AF5C8215BE8F0003B4D11 /* Debug */,
				555AF5C9215BE8F0003B4D11 /* Release */,
			);
			defaultConfigurationIsVisible = 0;
			defaultConfigurationName = Release;
		};
/* End XCConfigurationList section */
	};
	rootObject = 555AF5AD215BE8EC003B4D11 /* Project object */;
}
